
Microsoft Visual Studio Solution File, Format Version 12.00
# Visual Studio 14
VisualStudioVersion = 14.0.25420.1
MinimumVisualStudioVersion = 10.0.40219.1
Project("{FAE04EC0-301F-11D3-BF4B-00C04F79EFBC}") = "WcfService1", "WcfService1\WcfService1.csproj", "{DB4D0A82-46FD-4F5C-B5BF-0CBD2A525840}"
EndProject
Project("{FAE04EC0-301F-11D3-BF4B-00C04F79EFBC}") = "client", "client\client.csproj", "{4A768C34-2D65-48AE-982E-927E1531A849}"
	ProjectSection(ProjectDependencies) = postProject
		{DB4D0A82-46FD-4F5C-B5BF-0CBD2A525840} = {DB4D0A82-46FD-4F5C-B5BF-0CBD2A525840}
	EndProjectSection
EndProject
Global
	GlobalSection(SolutionConfigurationPlatforms) = preSolution
		Debug|Any CPU = Debug|Any CPU
		Release|Any CPU = Release|Any CPU
	EndGlobalSection
	GlobalSection(ProjectConfigurationPlatforms) = postSolution
		{DB4D0A82-46FD-4F5C-B5BF-0CBD2A525840}.Debug|Any CPU.ActiveCfg = Debug|Any CPU
		{DB4D0A82-46FD-4F5C-B5BF-0CBD2A525840}.Debug|Any CPU.Build.0 = Debug|Any CPU
		{DB4D0A82-46FD-4F5C-B5BF-0CBD2A525840}.Release|Any CPU.ActiveCfg = Release|Any CPU
		{DB4D0A82-46FD-4F5C-B5BF-0CBD2A525840}.Release|Any CPU.Build.0 = Release|Any CPU
		{4A768C34-2D65-48AE-982E-927E1531A849}.Debug|Any CPU.ActiveCfg = Debug|Any CPU
		{4A768C34-2D65-48AE-982E-927E1531A849}.Debug|Any CPU.Build.0 = Debug|Any CPU
		{4A768C34-2D65-48AE-982E-927E1531A849}.Release|Any CPU.ActiveCfg = Release|Any CPU
		{4A768C34-2D65-48AE-982E-927E1531A849}.Release|Any CPU.Build.0 = Release|Any CPU
	EndGlobalSection
	GlobalSection(SolutionProperties) = preSolution
		HideSolutionNode = FALSE
	EndGlobalSection
EndGlobal
